{
  "name": "@writetome51/object-in-local-storage",
  "version": "1.0.0",
  "lockfileVersion": 1,
  "requires": true,
  "dependencies": {
    "@writetome51/has-value-no-value": {
      "version": "2.0.0",
      "resolved": "https://registry.npmjs.org/@writetome51/has-value-no-value/-/has-value-no-value-2.0.0.tgz",
      "integrity": "sha512-ArFqWggtrr9sbi8/WEBNZLYlk7j8QesRWhaeHQdwc6tgfbjqibWVY6zrdL9UjCnqlEKPT2dNBcMj96gPfUqDoQ=="
    },
    "@writetome51/is-empty-not-empty": {
      "version": "2.0.1",
      "resolved": "https://registry.npmjs.org/@writetome51/is-empty-not-empty/-/is-empty-not-empty-2.0.1.tgz",
      "integrity": "sha512-wpB7AUlNywDhEjlsZZNRBAsp+55458Ot6A7tcr8maAR9+6YS62hYFapn/Ko6jjF9P4FlDKlrMyEPiGnF8b1rbQ==",
      "requires": {
        "error-if-not-finite-number": "^2.0.0"
      }
    },
    "@writetome51/is-object-not-object": {
      "version": "2.0.0",
      "resolved": "https://registry.npmjs.org/@writetome51/is-object-not-object/-/is-object-not-object-2.0.0.tgz",
      "integrity": "sha512-CuydlACtzhrGryvL05k2WF35utLWrwYoSEK7bLcW1iSlcf3AkZ/own6WwODIpsMvLJfpTv5KFeJ1BEPvkZKGIw=="
    },
    "@writetome51/item-in-browser-storage": {
      "version": "3.0.0",
      "resolved": "https://registry.npmjs.org/@writetome51/item-in-browser-storage/-/item-in-browser-storage-3.0.0.tgz",
      "integrity": "sha512-vCbEw08X3jKn9xDC1/cLx9IZrabSdgvGgzDvITSuI15sUSz2tU6dwEQu4knMRIlayTOMntElCG63BgKLbRUiiA==",
      "requires": {
        "@writetome51/has-value-no-value": ">=2.0.0",
        "@writetome51/is-empty-not-empty": ">=2.0.1",
        "@writetome51/not": ">=2.0.0",
        "error-if-length-is-zero": ">=1.0.1",
        "error-if-not-string": ">=2.0.0"
      }
    },
    "@writetome51/modify-object": {
      "version": "2.0.0",
      "resolved": "https://registry.npmjs.org/@writetome51/modify-object/-/modify-object-2.0.0.tgz",
      "integrity": "sha512-94kCKnUMd9bsCqM3Dg1TjNYy5APU8zP35FgH7z4JQskYrzvueRpCsIA8iMjl0xNBaVZkBHOPmseRRp7QcrP09w=="
    },
    "@writetome51/not": {
      "version": "2.0.0",
      "resolved": "https://registry.npmjs.org/@writetome51/not/-/not-2.0.0.tgz",
      "integrity": "sha512-CS+S0XafZPStxI16/27TBIfQETu5JfvD9VPBbw7sr42Vjotv6q02IjtwLgfAVcjQlsj+IL5I+2Hs6uoI7kinmA=="
    },
    "@writetome51/object-in-browser-storage": {
      "version": "4.0.1",
      "resolved": "https://registry.npmjs.org/@writetome51/object-in-browser-storage/-/object-in-browser-storage-4.0.1.tgz",
      "integrity": "sha512-t844fldG+eQpxrGublMcH35eh7b7H/grbkY56mtgnduqi/dGFnDjn+WJnynsk582F9g+7RB9AThhrqIZlUyvdg==",
      "requires": {
        "@writetome51/has-value-no-value": ">=2.0.0",
        "@writetome51/item-in-browser-storage": ">=3.0.0",
        "@writetome51/modify-object": ">=2.0.0",
        "error-if-not-object": ">=2.0.0",
        "get-object-from-json": ">=2.0.0"
      }
    },
    "error-if-length-is-zero": {
      "version": "1.0.1",
      "resolved": "https://registry.npmjs.org/error-if-length-is-zero/-/error-if-length-is-zero-1.0.1.tgz",
      "integrity": "sha512-UB2bqtLZ9lpexrsjQbH6UkdBJpmeesBQZHGEYwOFoiKReRuQlG/cODCOMNY+Fq8EFyeF1gg99eMSjdztqUEQqA=="
    },
    "error-if-not-finite-number": {
      "version": "2.0.1",
      "resolved": "https://registry.npmjs.org/error-if-not-finite-number/-/error-if-not-finite-number-2.0.1.tgz",
      "integrity": "sha512-lJCeBRfsEfAaPfrpt6+apvV0IoyOyLwH7x7t/62KTwTCw2BPHcCUvSN83WFD3/nfs4lKJE8gtPxTFMYRGqX4gg==",
      "requires": {
        "@writetome51/not": ">=2.0.0"
      }
    },
    "error-if-not-object": {
      "version": "2.0.0",
      "resolved": "https://registry.npmjs.org/error-if-not-object/-/error-if-not-object-2.0.0.tgz",
      "integrity": "sha512-jtmWyJasrRxyi9XIYReE2z9p6eLHPzmYaceZrFU68diHFLH/G0evKM67MMgSgKUhIjjZk34y5+H3dgoCDCfFzg==",
      "requires": {
        "@writetome51/is-object-not-object": "^2.0.0"
      }
    },
    "error-if-not-string": {
      "version": "2.0.0",
      "resolved": "https://registry.npmjs.org/error-if-not-string/-/error-if-not-string-2.0.0.tgz",
      "integrity": "sha512-KvMs6Y0ob+Vg8CQKiGTaSYdFzWMxKlZ4/L3XQ5SmlaOwRODcQLJM+rYmr+VS/zThivSeBAjWhVfl2f7J9JwNNQ=="
    },
    "get-object-from-json": {
      "version": "2.0.0",
      "resolved": "https://registry.npmjs.org/get-object-from-json/-/get-object-from-json-2.0.0.tgz",
      "integrity": "sha512-XL6tt5RnAMjD4mDkTVUxLK1MZRv+c5veIbnK3DTjz7ylD29f4oBTQpOUXr9f4u7EIbP5KkjeAXqiNubD8BhF4g==",
      "requires": {
        "error-if-not-string": "^2.0.0"
      }
    }
  }
}
